
Microsoft Visual Studio Solution File, Format Version 12.00
# Visual Studio 15
VisualStudioVersion = 15.0.26430.16
MinimumVisualStudioVersion = 10.0.40219.1
Project("{FAE04EC0-301F-11D3-BF4B-00C04F79EFBC}") = "01_Tunnikontroll", "01_Tunnikontroll\01_Tunnikontroll.csproj", "{1AD9F728-394F-4B97-9784-A20ECF41926F}"
EndProject
Project("{FAE04EC0-301F-11D3-BF4B-00C04F79EFBC}") = "02_Exercise", "02_Exercise\02_Exercise.csproj", "{465D0565-F194-4A25-8175-CEF4AB739463}"
EndProject
Global
	GlobalSection(SolutionConfigurationPlatforms) = preSolution
		Debug|Any CPU = Debug|Any CPU
		Release|Any CPU = Release|Any CPU
	EndGlobalSection
	GlobalSection(ProjectConfigurationPlatforms) = postSolution
		{1AD9F728-394F-4B97-9784-A20ECF41926F}.Debug|Any CPU.ActiveCfg = Debug|Any CPU
		{1AD9F728-394F-4B97-9784-A20ECF41926F}.Debug|Any CPU.Build.0 = Debug|Any CPU
		{1AD9F728-394F-4B97-9784-A20ECF41926F}.Release|Any CPU.ActiveCfg = Release|Any CPU
		{1AD9F728-394F-4B97-9784-A20ECF41926F}.Release|Any CPU.Build.0 = Release|Any CPU
		{465D0565-F194-4A25-8175-CEF4AB739463}.Debug|Any CPU.ActiveCfg = Debug|Any CPU
		{465D0565-F194-4A25-8175-CEF4AB739463}.Debug|Any CPU.Build.0 = Debug|Any CPU
		{465D0565-F194-4A25-8175-CEF4AB739463}.Release|Any CPU.ActiveCfg = Release|Any CPU
		{465D0565-F194-4A25-8175-CEF4AB739463}.Release|Any CPU.Build.0 = Release|Any CPU
	EndGlobalSection
	GlobalSection(SolutionProperties) = preSolution
		HideSolutionNode = FALSE
	EndGlobalSection
EndGlobal
